
Microsoft Visual Studio Solution File, Format Version 12.00
# Visual Studio Version 17
VisualStudioVersion = 17.1.32210.238
MinimumVisualStudioVersion = 10.0.40219.1
Project("{9A19103F-16F7-4668-BE54-9A1E7A4F7556}") = "NorthWind", "NorthWind\NorthWind.csproj", "{BD7AE148-1F2D-4EE8-BB06-E7D41D4073EE}"
EndProject
Global
	GlobalSection(SolutionConfigurationPlatforms) = preSolution
		Debug|Any CPU = Debug|Any CPU
		Release|Any CPU = Release|Any CPU
	EndGlobalSection
	GlobalSection(ProjectConfigurationPlatforms) = postSolution
		{BD7AE148-1F2D-4EE8-BB06-E7D41D4073EE}.Debug|Any CPU.ActiveCfg = Debug|Any CPU
		{BD7AE148-1F2D-4EE8-BB06-E7D41D4073EE}.Debug|Any CPU.Build.0 = Debug|Any CPU
		{BD7AE148-1F2D-4EE8-BB06-E7D41D4073EE}.Release|Any CPU.ActiveCfg = Release|Any CPU
		{BD7AE148-1F2D-4EE8-BB06-E7D41D4073EE}.Release|Any CPU.Build.0 = Release|Any CPU
	EndGlobalSection
	GlobalSection(SolutionProperties) = preSolution
		HideSolutionNode = FALSE
	EndGlobalSection
	GlobalSection(ExtensibilityGlobals) = postSolution
		SolutionGuid = {55BE6260-5027-458A-BA99-E71DBFFC262A}
	EndGlobalSection
EndGlobal
